
Microsoft Visual Studio Solution File, Format Version 12.00
# Visual Studio Version 16
VisualStudioVersion = 16.0.31112.23
MinimumVisualStudioVersion = 10.0.40219.1
Project("{9A19103F-16F7-4668-BE54-9A1E7A4F7556}") = "ThreatParser", "ThreatParser.csproj", "{3A786E6B-6942-4783-B13E-578BE359075C}"
EndProject
Global
	GlobalSection(SolutionConfigurationPlatforms) = preSolution
		Debug|Any CPU = Debug|Any CPU
		Release|Any CPU = Release|Any CPU
	EndGlobalSection
	GlobalSection(ProjectConfigurationPlatforms) = postSolution
		{3A786E6B-6942-4783-B13E-578BE359075C}.Debug|Any CPU.ActiveCfg = Debug|Any CPU
		{3A786E6B-6942-4783-B13E-578BE359075C}.Debug|Any CPU.Build.0 = Debug|Any CPU
		{3A786E6B-6942-4783-B13E-578BE359075C}.Release|Any CPU.ActiveCfg = Release|Any CPU
		{3A786E6B-6942-4783-B13E-578BE359075C}.Release|Any CPU.Build.0 = Release|Any CPU
	EndGlobalSection
	GlobalSection(SolutionProperties) = preSolution
		HideSolutionNode = FALSE
	EndGlobalSection
	GlobalSection(ExtensibilityGlobals) = postSolution
		SolutionGuid = {3D3EE009-76DE-4B48-9396-3B9E49D4213E}
	EndGlobalSection
EndGlobal
